
Microsoft Visual Studio Solution File, Format Version 11.00
# Visual Studio 2010
Project("{FAE04EC0-301F-11D3-BF4B-00C04F79EFBC}") = "EZ430Chronos", "Chronos\EZ430Chronos.csproj", "{622A5AB6-3342-451B-9212-063109429F43}"
EndProject
Project("{FAE04EC0-301F-11D3-BF4B-00C04F79EFBC}") = "HMM", "HMM\HMM.csproj", "{50673736-4237-4386-8483-BE78BC2B2C44}"
EndProject
Project("{FAE04EC0-301F-11D3-BF4B-00C04F79EFBC}") = "KNN", "KNN\KNN.csproj", "{1463FED4-4BE1-4772-9E39-78CF9084BE7F}"
EndProject
Project("{FAE04EC0-301F-11D3-BF4B-00C04F79EFBC}") = "LDA", "LDA\LDA.csproj", "{203F7886-813E-4C4A-A0AA-DABD0702E521}"
EndProject
Project("{FAE04EC0-301F-11D3-BF4B-00C04F79EFBC}") = "FeatureExtraction", "FeatureExtraction\FeatureExtraction.csproj", "{EEEE7730-1E06-4FBD-8C17-8200F9E32D68}"
EndProject
Project("{FAE04EC0-301F-11D3-BF4B-00C04F79EFBC}") = "Classification", "Classification\Classification.csproj", "{1C9CB3A2-7456-4F21-8721-CE5739D36C87}"
EndProject
Project("{FAE04EC0-301F-11D3-BF4B-00C04F79EFBC}") = "3$Recognizer", "3$Recognizer\3$Recognizer.csproj", "{A2D17426-376B-4FFA-82C7-1D59790685B9}"
EndProject
Project("{FAE04EC0-301F-11D3-BF4B-00C04F79EFBC}") = "uWaveRecognizer", "uWaveRecognizer\uWaveRecognizer.csproj", "{FF7601BC-34C3-4353-90A8-1A8F7C0B97A6}"
EndProject
Project("{FAE04EC0-301F-11D3-BF4B-00C04F79EFBC}") = "MainApplication", "MainApplication\MainApplication.csproj", "{CFCB91ED-2763-4E86-BF34-78E634C16761}"
EndProject
Project("{FAE04EC0-301F-11D3-BF4B-00C04F79EFBC}") = "C45Tree", "C45Tree\C45Tree.csproj", "{52851FB0-83E5-4AC7-9511-EA1AE898E2E3}"
EndProject
Global
	GlobalSection(SolutionConfigurationPlatforms) = preSolution
		Debug|Any CPU = Debug|Any CPU
		Debug|Mixed Platforms = Debug|Mixed Platforms
		Debug|x86 = Debug|x86
		Release|Any CPU = Release|Any CPU
		Release|Mixed Platforms = Release|Mixed Platforms
		Release|x86 = Release|x86
	EndGlobalSection
	GlobalSection(ProjectConfigurationPlatforms) = postSolution
		{622A5AB6-3342-451B-9212-063109429F43}.Debug|Any CPU.ActiveCfg = Debug|Any CPU
		{622A5AB6-3342-451B-9212-063109429F43}.Debug|Any CPU.Build.0 = Debug|Any CPU
		{622A5AB6-3342-451B-9212-063109429F43}.Debug|Mixed Platforms.ActiveCfg = Debug|Any CPU
		{622A5AB6-3342-451B-9212-063109429F43}.Debug|Mixed Platforms.Build.0 = Debug|Any CPU
		{622A5AB6-3342-451B-9212-063109429F43}.Debug|x86.ActiveCfg = Debug|Any CPU
		{622A5AB6-3342-451B-9212-063109429F43}.Release|Any CPU.ActiveCfg = Release|Any CPU
		{622A5AB6-3342-451B-9212-063109429F43}.Release|Any CPU.Build.0 = Release|Any CPU
		{622A5AB6-3342-451B-9212-063109429F43}.Release|Mixed Platforms.ActiveCfg = Release|Any CPU
		{622A5AB6-3342-451B-9212-063109429F43}.Release|Mixed Platforms.Build.0 = Release|Any CPU
		{622A5AB6-3342-451B-9212-063109429F43}.Release|x86.ActiveCfg = Release|Any CPU
		{50673736-4237-4386-8483-BE78BC2B2C44}.Debug|Any CPU.ActiveCfg = Debug|Any CPU
		{50673736-4237-4386-8483-BE78BC2B2C44}.Debug|Any CPU.Build.0 = Debug|Any CPU
		{50673736-4237-4386-8483-BE78BC2B2C44}.Debug|Mixed Platforms.ActiveCfg = Debug|Any CPU
		{50673736-4237-4386-8483-BE78BC2B2C44}.Debug|Mixed Platforms.Build.0 = Debug|Any CPU
		{50673736-4237-4386-8483-BE78BC2B2C44}.Debug|x86.ActiveCfg = Debug|Any CPU
		{50673736-4237-4386-8483-BE78BC2B2C44}.Release|Any CPU.ActiveCfg = Release|Any CPU
		{50673736-4237-4386-8483-BE78BC2B2C44}.Release|Any CPU.Build.0 = Release|Any CPU
		{50673736-4237-4386-8483-BE78BC2B2C44}.Release|Mixed Platforms.ActiveCfg = Release|Any CPU
		{50673736-4237-4386-8483-BE78BC2B2C44}.Release|Mixed Platforms.Build.0 = Release|Any CPU
		{50673736-4237-4386-8483-BE78BC2B2C44}.Release|x86.ActiveCfg = Release|Any CPU
		{1463FED4-4BE1-4772-9E39-78CF9084BE7F}.Debug|Any CPU.ActiveCfg = Debug|Any CPU
		{1463FED4-4BE1-4772-9E39-78CF9084BE7F}.Debug|Any CPU.Build.0 = Debug|Any CPU
		{1463FED4-4BE1-4772-9E39-78CF9084BE7F}.Debug|Mixed Platforms.ActiveCfg = Debug|Any CPU
		{1463FED4-4BE1-4772-9E39-78CF9084BE7F}.Debug|Mixed Platforms.Build.0 = Debug|Any CPU
		{1463FED4-4BE1-4772-9E39-78CF9084BE7F}.Debug|x86.ActiveCfg = Debug|Any CPU
		{1463FED4-4BE1-4772-9E39-78CF9084BE7F}.Release|Any CPU.ActiveCfg = Release|Any CPU
		{1463FED4-4BE1-4772-9E39-78CF9084BE7F}.Release|Any CPU.Build.0 = Release|Any CPU
		{1463FED4-4BE1-4772-9E39-78CF9084BE7F}.Release|Mixed Platforms.ActiveCfg = Release|Any CPU
		{1463FED4-4BE1-4772-9E39-78CF9084BE7F}.Release|Mixed Platforms.Build.0 = Release|Any CPU
		{1463FED4-4BE1-4772-9E39-78CF9084BE7F}.Release|x86.ActiveCfg = Release|Any CPU
		{203F7886-813E-4C4A-A0AA-DABD0702E521}.Debug|Any CPU.ActiveCfg = Debug|Any CPU
		{203F7886-813E-4C4A-A0AA-DABD0702E521}.Debug|Any CPU.Build.0 = Debug|Any CPU
		{203F7886-813E-4C4A-A0AA-DABD0702E521}.Debug|Mixed Platforms.ActiveCfg = Debug|Any CPU
		{203F7886-813E-4C4A-A0AA-DABD0702E521}.Debug|Mixed Platforms.Build.0 = Debug|Any CPU
		{203F7886-813E-4C4A-A0AA-DABD0702E521}.Debug|x86.ActiveCfg = Debug|Any CPU
		{203F7886-813E-4C4A-A0AA-DABD0702E521}.Release|Any CPU.ActiveCfg = Release|Any CPU
		{203F7886-813E-4C4A-A0AA-DABD0702E521}.Release|Any CPU.Build.0 = Release|Any CPU
		{203F7886-813E-4C4A-A0AA-DABD0702E521}.Release|Mixed Platforms.ActiveCfg = Release|Any CPU
		{203F7886-813E-4C4A-A0AA-DABD0702E521}.Release|Mixed Platforms.Build.0 = Release|Any CPU
		{203F7886-813E-4C4A-A0AA-DABD0702E521}.Release|x86.ActiveCfg = Release|Any CPU
		{EEEE7730-1E06-4FBD-8C17-8200F9E32D68}.Debug|Any CPU.ActiveCfg = Debug|Any CPU
		{EEEE7730-1E06-4FBD-8C17-8200F9E32D68}.Debug|Any CPU.Build.0 = Debug|Any CPU
		{EEEE7730-1E06-4FBD-8C17-8200F9E32D68}.Debug|Mixed Platforms.ActiveCfg = Debug|Any CPU
		{EEEE7730-1E06-4FBD-8C17-8200F9E32D68}.Debug|Mixed Platforms.Build.0 = Debug|Any CPU
		{EEEE7730-1E06-4FBD-8C17-8200F9E32D68}.Debug|x86.ActiveCfg = Debug|Any CPU
		{EEEE7730-1E06-4FBD-8C17-8200F9E32D68}.Release|Any CPU.ActiveCfg = Release|Any CPU
		{EEEE7730-1E06-4FBD-8C17-8200F9E32D68}.Release|Any CPU.Build.0 = Release|Any CPU
		{EEEE7730-1E06-4FBD-8C17-8200F9E32D68}.Release|Mixed Platforms.ActiveCfg = Release|Any CPU
		{EEEE7730-1E06-4FBD-8C17-8200F9E32D68}.Release|Mixed Platforms.Build.0 = Release|Any CPU
		{EEEE7730-1E06-4FBD-8C17-8200F9E32D68}.Release|x86.ActiveCfg = Release|Any CPU
		{1C9CB3A2-7456-4F21-8721-CE5739D36C87}.Debug|Any CPU.ActiveCfg = Debug|Any CPU
		{1C9CB3A2-7456-4F21-8721-CE5739D36C87}.Debug|Any CPU.Build.0 = Debug|Any CPU
		{1C9CB3A2-7456-4F21-8721-CE5739D36C87}.Debug|Mixed Platforms.ActiveCfg = Debug|Any CPU
		{1C9CB3A2-7456-4F21-8721-CE5739D36C87}.Debug|Mixed Platforms.Build.0 = Debug|Any CPU
		{1C9CB3A2-7456-4F21-8721-CE5739D36C87}.Debug|x86.ActiveCfg = Debug|Any CPU
		{1C9CB3A2-7456-4F21-8721-CE5739D36C87}.Release|Any CPU.ActiveCfg = Release|Any CPU
		{1C9CB3A2-7456-4F21-8721-CE5739D36C87}.Release|Any CPU.Build.0 = Release|Any CPU
		{1C9CB3A2-7456-4F21-8721-CE5739D36C87}.Release|Mixed Platforms.ActiveCfg = Release|Any CPU
		{1C9CB3A2-7456-4F21-8721-CE5739D36C87}.Release|Mixed Platforms.Build.0 = Release|Any CPU
		{1C9CB3A2-7456-4F21-8721-CE5739D36C87}.Release|x86.ActiveCfg = Release|Any CPU
		{A2D17426-376B-4FFA-82C7-1D59790685B9}.Debug|Any CPU.ActiveCfg = Debug|Any CPU
		{A2D17426-376B-4FFA-82C7-1D59790685B9}.Debug|Any CPU.Build.0 = Debug|Any CPU
		{A2D17426-376B-4FFA-82C7-1D59790685B9}.Debug|Mixed Platforms.ActiveCfg = Debug|Any CPU
		{A2D17426-376B-4FFA-82C7-1D59790685B9}.Debug|Mixed Platforms.Build.0 = Debug|Any CPU
		{A2D17426-376B-4FFA-82C7-1D59790685B9}.Debug|x86.ActiveCfg = Debug|Any CPU
		{A2D17426-376B-4FFA-82C7-1D59790685B9}.Release|Any CPU.ActiveCfg = Release|Any CPU
		{A2D17426-376B-4FFA-82C7-1D59790685B9}.Release|Any CPU.Build.0 = Release|Any CPU
		{A2D17426-376B-4FFA-82C7-1D59790685B9}.Release|Mixed Platforms.ActiveCfg = Release|Any CPU
		{A2D17426-376B-4FFA-82C7-1D59790685B9}.Release|Mixed Platforms.Build.0 = Release|Any CPU
		{A2D17426-376B-4FFA-82C7-1D59790685B9}.Release|x86.ActiveCfg = Release|Any CPU
		{FF7601BC-34C3-4353-90A8-1A8F7C0B97A6}.Debug|Any CPU.ActiveCfg = Debug|Any CPU
		{FF7601BC-34C3-4353-90A8-1A8F7C0B97A6}.Debug|Any CPU.Build.0 = Debug|Any CPU
		{FF7601BC-34C3-4353-90A8-1A8F7C0B97A6}.Debug|Mixed Platforms.ActiveCfg = Debug|Any CPU
		{FF7601BC-34C3-4353-90A8-1A8F7C0B97A6}.Debug|Mixed Platforms.Build.0 = Debug|Any CPU
		{FF7601BC-34C3-4353-90A8-1A8F7C0B97A6}.Debug|x86.ActiveCfg = Debug|Any CPU
		{FF7601BC-34C3-4353-90A8-1A8F7C0B97A6}.Release|Any CPU.ActiveCfg = Release|Any CPU
		{FF7601BC-34C3-4353-90A8-1A8F7C0B97A6}.Release|Any CPU.Build.0 = Release|Any CPU
		{FF7601BC-34C3-4353-90A8-1A8F7C0B97A6}.Release|Mixed Platforms.ActiveCfg = Release|Any CPU
		{FF7601BC-34C3-4353-90A8-1A8F7C0B97A6}.Release|Mixed Platforms.Build.0 = Release|Any CPU
		{FF7601BC-34C3-4353-90A8-1A8F7C0B97A6}.Release|x86.ActiveCfg = Release|Any CPU
		{CFCB91ED-2763-4E86-BF34-78E634C16761}.Debug|Any CPU.ActiveCfg = Debug|x86
		{CFCB91ED-2763-4E86-BF34-78E634C16761}.Debug|Mixed Platforms.ActiveCfg = Debug|x86
		{CFCB91ED-2763-4E86-BF34-78E634C16761}.Debug|Mixed Platforms.Build.0 = Debug|x86
		{CFCB91ED-2763-4E86-BF34-78E634C16761}.Debug|x86.ActiveCfg = Debug|x86
		{CFCB91ED-2763-4E86-BF34-78E634C16761}.Debug|x86.Build.0 = Debug|x86
		{CFCB91ED-2763-4E86-BF34-78E634C16761}.Release|Any CPU.ActiveCfg = Release|x86
		{CFCB91ED-2763-4E86-BF34-78E634C16761}.Release|Mixed Platforms.ActiveCfg = Release|x86
		{CFCB91ED-2763-4E86-BF34-78E634C16761}.Release|Mixed Platforms.Build.0 = Release|x86
		{CFCB91ED-2763-4E86-BF34-78E634C16761}.Release|x86.ActiveCfg = Release|x86
		{CFCB91ED-2763-4E86-BF34-78E634C16761}.Release|x86.Build.0 = Release|x86
		{52851FB0-83E5-4AC7-9511-EA1AE898E2E3}.Debug|Any CPU.ActiveCfg = Debug|Any CPU
		{52851FB0-83E5-4AC7-9511-EA1AE898E2E3}.Debug|Any CPU.Build.0 = Debug|Any CPU
		{52851FB0-83E5-4AC7-9511-EA1AE898E2E3}.Debug|Mixed Platforms.ActiveCfg = Debug|Any CPU
		{52851FB0-83E5-4AC7-9511-EA1AE898E2E3}.Debug|Mixed Platforms.Build.0 = Debug|Any CPU
		{52851FB0-83E5-4AC7-9511-EA1AE898E2E3}.Debug|x86.ActiveCfg = Debug|Any CPU
		{52851FB0-83E5-4AC7-9511-EA1AE898E2E3}.Release|Any CPU.ActiveCfg = Release|Any CPU
		{52851FB0-83E5-4AC7-9511-EA1AE898E2E3}.Release|Any CPU.Build.0 = Release|Any CPU
		{52851FB0-83E5-4AC7-9511-EA1AE898E2E3}.Release|Mixed Platforms.ActiveCfg = Release|Any CPU
		{52851FB0-83E5-4AC7-9511-EA1AE898E2E3}.Release|Mixed Platforms.Build.0 = Release|Any CPU
		{52851FB0-83E5-4AC7-9511-EA1AE898E2E3}.Release|x86.ActiveCfg = Release|Any CPU
	EndGlobalSection
	GlobalSection(SolutionProperties) = preSolution
		HideSolutionNode = FALSE
	EndGlobalSection
EndGlobal
